{
  "version": 4,
  "terraform_version": "1.13.3",
  "serial": 66,
  "lineage": "4919eccc-d339-bc6a-85d8-bb1142cb32b0",
  "outputs": {
    "project_ids": {
      "value": {
        "apps": "prj-uuCx9BoGnJEB4G4j",
        "data": "prj-VJV6k6GqoGYWjxwi",
        "security": "prj-bW7UBaXifKxPJzRf",
        "shared": "prj-u3Q4U5SoFHpVPZCG"
      },
      "type": [
        "object",
        {
          "apps": "string",
          "data": "string",
          "security": "string",
          "shared": "string"
        }
      ]
    },
    "workspace_ids": {
      "value": {
        "app-billing": "ws-N8fwq8dygTNbGxeK",
        "app-checkout": "ws-XQz9HmFiL1BLouAK",
        "data-analytics": "ws-cthvtQdZmi2Fin11",
        "security-baseline": "ws-zWfS9tdRzp9gcJRX",
        "shared-identity": "ws-CmHqG4BK7PL5vTTu",
        "shared-logging": "ws-wP9hNRTm3UipcTAS",
        "shared-network": "ws-3j68dMN7A5rSxSgV"
      },
      "type": [
        "object",
        {
          "app-billing": "string",
          "app-checkout": "string",
          "data-analytics": "string",
          "security-baseline": "string",
          "shared-identity": "string",
          "shared-logging": "string",
          "shared-network": "string"
        }
      ]
    }
  },
  "resources": [
    {
      "mode": "managed",
      "type": "tfe_policy",
      "name": "policies",
      "provider": "provider[\"registry.terraform.io/hashicorp/tfe\"]",
      "instances": [
        {
          "index_key": "approved-regions",
          "schema_version": 0,
          "attributes": {
            "description": "Restrict deployments to approved regions",
            "enforce_mode": "soft-mandatory",
            "id": "pol-gjpbS4iBEMy4Df4B",
            "kind": "sentinel",
            "name": "approved-regions",
            "organization": "hashicorp-design-test-org",
            "policy": "import \"tfplan/v2\" as tfplan\n\nmain = rule { true }\n",
            "query": null
          },
          "sensitive_attributes": [],
          "identity_schema_version": 0,
          "private": "bnVsbA=="
        },
        {
          "index_key": "encryption-required",
          "schema_version": 0,
          "attributes": {
            "description": "Require storage encryption",
            "enforce_mode": "soft-mandatory",
            "id": "pol-kau3bqMwbNq9hkaS",
            "kind": "sentinel",
            "name": "encryption-required",
            "organization": "hashicorp-design-test-org",
            "policy": "import \"tfplan/v2\" as tfplan\n\nmain = rule { true }\n",
            "query": null
          },
          "sensitive_attributes": [],
          "identity_schema_version": 0,
          "private": "bnVsbA=="
        }
      ]
    },
    {
      "mode": "managed",
      "type": "tfe_policy_set",
      "name": "policy_sets",
      "provider": "provider[\"registry.terraform.io/hashicorp/tfe\"]",
      "instances": [
        {
          "index_key": "baseline",
          "schema_version": 0,
          "attributes": {
            "agent_enabled": false,
            "description": "Foundational guardrails for shared infrastructure",
            "global": false,
            "id": "polset-VT7cMgikFXMbeE45",
            "kind": "sentinel",
            "name": "Baseline-Guardrails",
            "organization": "hashicorp-design-test-org",
            "overridable": false,
            "policies_path": "",
            "policy_ids": [
              "pol-gjpbS4iBEMy4Df4B",
              "pol-kau3bqMwbNq9hkaS"
            ],
            "policy_tool_version": null,
            "slug": null,
            "vcs_repo": [],
            "workspace_ids": [
              "ws-3j68dMN7A5rSxSgV",
              "ws-CmHqG4BK7PL5vTTu",
              "ws-N8fwq8dygTNbGxeK",
              "ws-XQz9HmFiL1BLouAK",
              "ws-cthvtQdZmi2Fin11",
              "ws-wP9hNRTm3UipcTAS",
              "ws-zWfS9tdRzp9gcJRX"
            ]
          },
          "sensitive_attributes": [],
          "identity_schema_version": 0,
          "private": "bnVsbA==",
          "dependencies": [
            "tfe_policy.policies",
            "tfe_project.projects",
            "tfe_workspace.workspaces"
          ]
        }
      ]
    },
    {
      "mode": "managed",
      "type": "tfe_project",
      "name": "projects",
      "provider": "provider[\"registry.terraform.io/hashicorp/tfe\"]",
      "instances": [
        {
          "index_key": "apps",
          "schema_version": 0,
          "attributes": {
            "auto_destroy_activity_duration": null,
            "description": "",
            "id": "prj-uuCx9BoGnJEB4G4j",
            "ignore_additional_tags": null,
            "name": "Applications",
            "organization": "hashicorp-design-test-org",
            "tags": {}
          },
          "sensitive_attributes": [],
          "identity_schema_version": 0
        },
        {
          "index_key": "data",
          "schema_version": 0,
          "attributes": {
            "auto_destroy_activity_duration": null,
            "description": "",
            "id": "prj-VJV6k6GqoGYWjxwi",
            "ignore_additional_tags": null,
            "name": "Data Platform",
            "organization": "hashicorp-design-test-org",
            "tags": {}
          },
          "sensitive_attributes": [],
          "identity_schema_version": 0
        },
        {
          "index_key": "security",
          "schema_version": 0,
          "attributes": {
            "auto_destroy_activity_duration": null,
            "description": "",
            "id": "prj-bW7UBaXifKxPJzRf",
            "ignore_additional_tags": null,
            "name": "Security",
            "organization": "hashicorp-design-test-org",
            "tags": {}
          },
          "sensitive_attributes": [],
          "identity_schema_version": 0
        },
        {
          "index_key": "shared",
          "schema_version": 0,
          "attributes": {
            "auto_destroy_activity_duration": null,
            "description": "",
            "id": "prj-u3Q4U5SoFHpVPZCG",
            "ignore_additional_tags": null,
            "name": "Shared Services",
            "organization": "hashicorp-design-test-org",
            "tags": {}
          },
          "sensitive_attributes": [],
          "identity_schema_version": 0
        }
      ]
    },
    {
      "mode": "managed",
      "type": "tfe_registry_module",
      "name": "modules",
      "provider": "provider[\"registry.terraform.io/hashicorp/tfe\"]",
      "instances": []
    },
    {
      "mode": "managed",
      "type": "tfe_variable",
      "name": "global_cost_center",
      "provider": "provider[\"registry.terraform.io/hashicorp/tfe\"]",
      "instances": [
        {
          "schema_version": 1,
          "attributes": {
            "category": "terraform",
            "description": "Default cost center",
            "hcl": false,
            "id": "var-dVLWRKGJZAjmBktb",
            "key": "global_cost_center",
            "readable_value": "cc-0000",
            "sensitive": false,
            "value": "cc-0000",
            "value_wo": null,
            "variable_set_id": "varset-fGDJpTcpTWCou9KY",
            "workspace_id": null
          },
          "sensitive_attributes": [
            [
              {
                "type": "get_attr",
                "value": "value"
              }
            ],
            [
              {
                "type": "get_attr",
                "value": "value_wo"
              }
            ]
          ],
          "identity_schema_version": 0,
          "dependencies": [
            "tfe_variable_set.global"
          ]
        }
      ]
    },
    {
      "mode": "managed",
      "type": "tfe_variable",
      "name": "global_owner",
      "provider": "provider[\"registry.terraform.io/hashicorp/tfe\"]",
      "instances": [
        {
          "schema_version": 1,
          "attributes": {
            "category": "terraform",
            "description": "Global owner label",
            "hcl": false,
            "id": "var-WpiM5Y3mFsFgpwXu",
            "key": "global_owner",
            "readable_value": "design-platform",
            "sensitive": false,
            "value": "design-platform",
            "value_wo": null,
            "variable_set_id": "varset-fGDJpTcpTWCou9KY",
            "workspace_id": null
          },
          "sensitive_attributes": [
            [
              {
                "type": "get_attr",
                "value": "value"
              }
            ],
            [
              {
                "type": "get_attr",
                "value": "value_wo"
              }
            ]
          ],
          "identity_schema_version": 0,
          "dependencies": [
            "tfe_variable_set.global"
          ]
        }
      ]
    },
    {
      "mode": "managed",
      "type": "tfe_variable",
      "name": "registry_namespace",
      "provider": "provider[\"registry.terraform.io/hashicorp/tfe\"]",
      "instances": [
        {
          "schema_version": 1,
          "attributes": {
            "category": "terraform",
            "description": "Private registry namespace",
            "hcl": false,
            "id": "var-UXLtQ1gbv412Hp91",
            "key": "registry_namespace",
            "readable_value": "hashicorp-design",
            "sensitive": false,
            "value": "hashicorp-design",
            "value_wo": null,
            "variable_set_id": "varset-fGDJpTcpTWCou9KY",
            "workspace_id": null
          },
          "sensitive_attributes": [
            [
              {
                "type": "get_attr",
                "value": "value"
              }
            ],
            [
              {
                "type": "get_attr",
                "value": "value_wo"
              }
            ]
          ],
          "identity_schema_version": 0,
          "dependencies": [
            "tfe_variable_set.global"
          ]
        }
      ]
    },
    {
      "mode": "managed",
      "type": "tfe_variable",
      "name": "workspace_env",
      "provider": "provider[\"registry.terraform.io/hashicorp/tfe\"]",
      "instances": [
        {
          "index_key": "app-billing",
          "schema_version": 1,
          "attributes": {
            "category": "terraform",
            "description": "Workspace name",
            "hcl": false,
            "id": "var-VeJCRa3wPEXSh1N6",
            "key": "workspace_name",
            "readable_value": "hcp-design-app-billing",
            "sensitive": false,
            "value": "hcp-design-app-billing",
            "value_wo": null,
            "variable_set_id": null,
            "workspace_id": "ws-N8fwq8dygTNbGxeK"
          },
          "sensitive_attributes": [
            [
              {
                "type": "get_attr",
                "value": "value"
              }
            ],
            [
              {
                "type": "get_attr",
                "value": "value_wo"
              }
            ]
          ],
          "identity_schema_version": 0,
          "dependencies": [
            "tfe_project.projects",
            "tfe_workspace.workspaces"
          ]
        },
        {
          "index_key": "app-checkout",
          "schema_version": 1,
          "attributes": {
            "category": "terraform",
            "description": "Workspace name",
            "hcl": false,
            "id": "var-KydZwuhEGwGV7SvF",
            "key": "workspace_name",
            "readable_value": "hcp-design-app-checkout",
            "sensitive": false,
            "value": "hcp-design-app-checkout",
            "value_wo": null,
            "variable_set_id": null,
            "workspace_id": "ws-XQz9HmFiL1BLouAK"
          },
          "sensitive_attributes": [
            [
              {
                "type": "get_attr",
                "value": "value"
              }
            ],
            [
              {
                "type": "get_attr",
                "value": "value_wo"
              }
            ]
          ],
          "identity_schema_version": 0,
          "dependencies": [
            "tfe_project.projects",
            "tfe_workspace.workspaces"
          ]
        },
        {
          "index_key": "data-analytics",
          "schema_version": 1,
          "attributes": {
            "category": "terraform",
            "description": "Workspace name",
            "hcl": false,
            "id": "var-HU8gmXhxfyKsYDds",
            "key": "workspace_name",
            "readable_value": "hcp-design-data-analytics",
            "sensitive": false,
            "value": "hcp-design-data-analytics",
            "value_wo": null,
            "variable_set_id": null,
            "workspace_id": "ws-cthvtQdZmi2Fin11"
          },
          "sensitive_attributes": [
            [
              {
                "type": "get_attr",
                "value": "value"
              }
            ],
            [
              {
                "type": "get_attr",
                "value": "value_wo"
              }
            ]
          ],
          "identity_schema_version": 0,
          "dependencies": [
            "tfe_project.projects",
            "tfe_workspace.workspaces"
          ]
        },
        {
          "index_key": "security-baseline",
          "schema_version": 1,
          "attributes": {
            "category": "terraform",
            "description": "Workspace name",
            "hcl": false,
            "id": "var-EpzGED3qQV4qogp9",
            "key": "workspace_name",
            "readable_value": "hcp-design-security-baseline",
            "sensitive": false,
            "value": "hcp-design-security-baseline",
            "value_wo": null,
            "variable_set_id": null,
            "workspace_id": "ws-zWfS9tdRzp9gcJRX"
          },
          "sensitive_attributes": [
            [
              {
                "type": "get_attr",
                "value": "value"
              }
            ],
            [
              {
                "type": "get_attr",
                "value": "value_wo"
              }
            ]
          ],
          "identity_schema_version": 0,
          "dependencies": [
            "tfe_project.projects",
            "tfe_workspace.workspaces"
          ]
        },
        {
          "index_key": "shared-identity",
          "schema_version": 1,
          "attributes": {
            "category": "terraform",
            "description": "Workspace name",
            "hcl": false,
            "id": "var-ZR4QoVB8CGXLWrrk",
            "key": "workspace_name",
            "readable_value": "hcp-design-shared-identity",
            "sensitive": false,
            "value": "hcp-design-shared-identity",
            "value_wo": null,
            "variable_set_id": null,
            "workspace_id": "ws-CmHqG4BK7PL5vTTu"
          },
          "sensitive_attributes": [
            [
              {
                "type": "get_attr",
                "value": "value"
              }
            ],
            [
              {
                "type": "get_attr",
                "value": "value_wo"
              }
            ]
          ],
          "identity_schema_version": 0,
          "dependencies": [
            "tfe_project.projects",
            "tfe_workspace.workspaces"
          ]
        },
        {
          "index_key": "shared-logging",
          "schema_version": 1,
          "attributes": {
            "category": "terraform",
            "description": "Workspace name",
            "hcl": false,
            "id": "var-Y49Kwq6E75hv6RDT",
            "key": "workspace_name",
            "readable_value": "hcp-design-shared-logging",
            "sensitive": false,
            "value": "hcp-design-shared-logging",
            "value_wo": null,
            "variable_set_id": null,
            "workspace_id": "ws-wP9hNRTm3UipcTAS"
          },
          "sensitive_attributes": [
            [
              {
                "type": "get_attr",
                "value": "value"
              }
            ],
            [
              {
                "type": "get_attr",
                "value": "value_wo"
              }
            ]
          ],
          "identity_schema_version": 0,
          "dependencies": [
            "tfe_project.projects",
            "tfe_workspace.workspaces"
          ]
        },
        {
          "index_key": "shared-network",
          "schema_version": 1,
          "attributes": {
            "category": "terraform",
            "description": "Workspace name",
            "hcl": false,
            "id": "var-2VtcLU2mQ78g8aPm",
            "key": "workspace_name",
            "readable_value": "hcp-design-shared-network",
            "sensitive": false,
            "value": "hcp-design-shared-network",
            "value_wo": null,
            "variable_set_id": null,
            "workspace_id": "ws-3j68dMN7A5rSxSgV"
          },
          "sensitive_attributes": [
            [
              {
                "type": "get_attr",
                "value": "value"
              }
            ],
            [
              {
                "type": "get_attr",
                "value": "value_wo"
              }
            ]
          ],
          "identity_schema_version": 0,
          "dependencies": [
            "tfe_project.projects",
            "tfe_workspace.workspaces"
          ]
        }
      ]
    },
    {
      "mode": "managed",
      "type": "tfe_variable_set",
      "name": "global",
      "provider": "provider[\"registry.terraform.io/hashicorp/tfe\"]",
      "instances": [
        {
          "schema_version": 0,
          "attributes": {
            "description": "Global tags and metadata for all workspaces",
            "global": false,
            "id": "varset-fGDJpTcpTWCou9KY",
            "name": "Global Standards",
            "organization": "hashicorp-design-test-org",
            "parent_project_id": null,
            "priority": false,
            "stack_ids": [],
            "workspace_ids": [
              "ws-3j68dMN7A5rSxSgV",
              "ws-CmHqG4BK7PL5vTTu",
              "ws-N8fwq8dygTNbGxeK",
              "ws-XQz9HmFiL1BLouAK",
              "ws-cthvtQdZmi2Fin11",
              "ws-wP9hNRTm3UipcTAS",
              "ws-zWfS9tdRzp9gcJRX"
            ]
          },
          "sensitive_attributes": [],
          "identity_schema_version": 0,
          "private": "bnVsbA=="
        }
      ]
    },
    {
      "mode": "managed",
      "type": "tfe_workspace",
      "name": "workspaces",
      "provider": "provider[\"registry.terraform.io/hashicorp/tfe\"]",
      "instances": [
        {
          "index_key": "app-billing",
          "schema_version": 1,
          "attributes": {
            "agent_pool_id": "",
            "allow_destroy_plan": true,
            "assessments_enabled": false,
            "auto_apply": false,
            "auto_apply_run_trigger": false,
            "auto_destroy_activity_duration": "",
            "auto_destroy_at": "",
            "description": "Billing orchestration and payments",
            "effective_tags": {},
            "execution_mode": "remote",
            "file_triggers_enabled": true,
            "force_delete": false,
            "global_remote_state": false,
            "html_url": "https://app.terraform.io/app/hashicorp-design-test-org/workspaces/hcp-design-app-billing",
            "hyok_enabled": false,
            "id": "ws-N8fwq8dygTNbGxeK",
            "ignore_additional_tag_names": null,
            "ignore_additional_tags": null,
            "inherits_project_auto_destroy": true,
            "name": "hcp-design-app-billing",
            "operations": true,
            "organization": "hashicorp-design-test-org",
            "project_id": "prj-uuCx9BoGnJEB4G4j",
            "queue_all_runs": true,
            "remote_state_consumer_ids": [],
            "resource_count": 0,
            "source_name": "",
            "source_url": "",
            "speculative_enabled": true,
            "ssh_key_id": "",
            "structured_run_output_enabled": true,
            "tag_names": [
              "app",
              "billing",
              "payments"
            ],
            "tags": {},
            "terraform_version": "1.6.6",
            "trigger_patterns": [],
            "trigger_prefixes": [],
            "vcs_repo": [],
            "working_directory": "workspaces/app-billing"
          },
          "sensitive_attributes": [],
          "identity_schema_version": 0,
          "private": "eyJzY2hlbWFfdmVyc2lvbiI6IjEifQ==",
          "dependencies": [
            "tfe_project.projects"
          ]
        },
        {
          "index_key": "app-checkout",
          "schema_version": 1,
          "attributes": {
            "agent_pool_id": "",
            "allow_destroy_plan": true,
            "assessments_enabled": false,
            "auto_apply": false,
            "auto_apply_run_trigger": false,
            "auto_destroy_activity_duration": "",
            "auto_destroy_at": "",
            "description": "Checkout service platform layer",
            "effective_tags": {},
            "execution_mode": "remote",
            "file_triggers_enabled": true,
            "force_delete": false,
            "global_remote_state": false,
            "html_url": "https://app.terraform.io/app/hashicorp-design-test-org/workspaces/hcp-design-app-checkout",
            "hyok_enabled": false,
            "id": "ws-XQz9HmFiL1BLouAK",
            "ignore_additional_tag_names": null,
            "ignore_additional_tags": null,
            "inherits_project_auto_destroy": true,
            "name": "hcp-design-app-checkout",
            "operations": true,
            "organization": "hashicorp-design-test-org",
            "project_id": "prj-uuCx9BoGnJEB4G4j",
            "queue_all_runs": true,
            "remote_state_consumer_ids": [],
            "resource_count": 0,
            "source_name": "",
            "source_url": "",
            "speculative_enabled": true,
            "ssh_key_id": "",
            "structured_run_output_enabled": true,
            "tag_names": [
              "app",
              "checkout",
              "critical"
            ],
            "tags": {},
            "terraform_version": "1.6.6",
            "trigger_patterns": [],
            "trigger_prefixes": [],
            "vcs_repo": [],
            "working_directory": "workspaces/app-checkout"
          },
          "sensitive_attributes": [],
          "identity_schema_version": 0,
          "private": "eyJzY2hlbWFfdmVyc2lvbiI6IjEifQ==",
          "dependencies": [
            "tfe_project.projects"
          ]
        },
        {
          "index_key": "data-analytics",
          "schema_version": 1,
          "attributes": {
            "agent_pool_id": "",
            "allow_destroy_plan": true,
            "assessments_enabled": false,
            "auto_apply": false,
            "auto_apply_run_trigger": false,
            "auto_destroy_activity_duration": "",
            "auto_destroy_at": "",
            "description": "Analytics platform and pipelines",
            "effective_tags": {},
            "execution_mode": "remote",
            "file_triggers_enabled": true,
            "force_delete": false,
            "global_remote_state": false,
            "html_url": "https://app.terraform.io/app/hashicorp-design-test-org/workspaces/hcp-design-data-analytics",
            "hyok_enabled": false,
            "id": "ws-cthvtQdZmi2Fin11",
            "ignore_additional_tag_names": null,
            "ignore_additional_tags": null,
            "inherits_project_auto_destroy": true,
            "name": "hcp-design-data-analytics",
            "operations": true,
            "organization": "hashicorp-design-test-org",
            "project_id": "prj-VJV6k6GqoGYWjxwi",
            "queue_all_runs": true,
            "remote_state_consumer_ids": [],
            "resource_count": 0,
            "source_name": "",
            "source_url": "",
            "speculative_enabled": true,
            "ssh_key_id": "",
            "structured_run_output_enabled": true,
            "tag_names": [
              "analytics",
              "data",
              "warehouse"
            ],
            "tags": {},
            "terraform_version": "1.6.6",
            "trigger_patterns": [],
            "trigger_prefixes": [],
            "vcs_repo": [],
            "working_directory": "workspaces/data-analytics"
          },
          "sensitive_attributes": [],
          "identity_schema_version": 0,
          "private": "eyJzY2hlbWFfdmVyc2lvbiI6IjEifQ==",
          "dependencies": [
            "tfe_project.projects"
          ]
        },
        {
          "index_key": "security-baseline",
          "schema_version": 1,
          "attributes": {
            "agent_pool_id": "",
            "allow_destroy_plan": true,
            "assessments_enabled": false,
            "auto_apply": false,
            "auto_apply_run_trigger": false,
            "auto_destroy_activity_duration": "",
            "auto_destroy_at": "",
            "description": "Security baselines and policy controls",
            "effective_tags": {},
            "execution_mode": "remote",
            "file_triggers_enabled": true,
            "force_delete": false,
            "global_remote_state": false,
            "html_url": "https://app.terraform.io/app/hashicorp-design-test-org/workspaces/hcp-design-security-baseline",
            "hyok_enabled": false,
            "id": "ws-zWfS9tdRzp9gcJRX",
            "ignore_additional_tag_names": null,
            "ignore_additional_tags": null,
            "inherits_project_auto_destroy": true,
            "name": "hcp-design-security-baseline",
            "operations": true,
            "organization": "hashicorp-design-test-org",
            "project_id": "prj-bW7UBaXifKxPJzRf",
            "queue_all_runs": true,
            "remote_state_consumer_ids": [],
            "resource_count": 0,
            "source_name": "",
            "source_url": "",
            "speculative_enabled": true,
            "ssh_key_id": "",
            "structured_run_output_enabled": true,
            "tag_names": [
              "baseline",
              "compliance",
              "security"
            ],
            "tags": {},
            "terraform_version": "1.6.6",
            "trigger_patterns": [],
            "trigger_prefixes": [],
            "vcs_repo": [],
            "working_directory": "workspaces/security-baseline"
          },
          "sensitive_attributes": [],
          "identity_schema_version": 0,
          "private": "eyJzY2hlbWFfdmVyc2lvbiI6IjEifQ==",
          "dependencies": [
            "tfe_project.projects"
          ]
        },
        {
          "index_key": "shared-identity",
          "schema_version": 1,
          "attributes": {
            "agent_pool_id": "",
            "allow_destroy_plan": true,
            "assessments_enabled": false,
            "auto_apply": false,
            "auto_apply_run_trigger": false,
            "auto_destroy_activity_duration": "",
            "auto_destroy_at": "",
            "description": "Org identity and access baselines",
            "effective_tags": {},
            "execution_mode": "remote",
            "file_triggers_enabled": true,
            "force_delete": false,
            "global_remote_state": false,
            "html_url": "https://app.terraform.io/app/hashicorp-design-test-org/workspaces/hcp-design-shared-identity",
            "hyok_enabled": false,
            "id": "ws-CmHqG4BK7PL5vTTu",
            "ignore_additional_tag_names": null,
            "ignore_additional_tags": null,
            "inherits_project_auto_destroy": true,
            "name": "hcp-design-shared-identity",
            "operations": true,
            "organization": "hashicorp-design-test-org",
            "project_id": "prj-u3Q4U5SoFHpVPZCG",
            "queue_all_runs": true,
            "remote_state_consumer_ids": [],
            "resource_count": 0,
            "source_name": "",
            "source_url": "",
            "speculative_enabled": true,
            "ssh_key_id": "",
            "structured_run_output_enabled": true,
            "tag_names": [
              "iam",
              "identity",
              "shared"
            ],
            "tags": {},
            "terraform_version": "1.6.6",
            "trigger_patterns": [],
            "trigger_prefixes": [],
            "vcs_repo": [],
            "working_directory": "workspaces/shared-identity"
          },
          "sensitive_attributes": [],
          "identity_schema_version": 0,
          "private": "eyJzY2hlbWFfdmVyc2lvbiI6IjEifQ==",
          "dependencies": [
            "tfe_project.projects"
          ]
        },
        {
          "index_key": "shared-logging",
          "schema_version": 1,
          "attributes": {
            "agent_pool_id": "",
            "allow_destroy_plan": true,
            "assessments_enabled": false,
            "auto_apply": false,
            "auto_apply_run_trigger": false,
            "auto_destroy_activity_duration": "",
            "auto_destroy_at": "",
            "description": "Centralized logging and audit sinks",
            "effective_tags": {},
            "execution_mode": "remote",
            "file_triggers_enabled": true,
            "force_delete": false,
            "global_remote_state": false,
            "html_url": "https://app.terraform.io/app/hashicorp-design-test-org/workspaces/hcp-design-shared-logging",
            "hyok_enabled": false,
            "id": "ws-wP9hNRTm3UipcTAS",
            "ignore_additional_tag_names": null,
            "ignore_additional_tags": null,
            "inherits_project_auto_destroy": true,
            "name": "hcp-design-shared-logging",
            "operations": true,
            "organization": "hashicorp-design-test-org",
            "project_id": "prj-u3Q4U5SoFHpVPZCG",
            "queue_all_runs": true,
            "remote_state_consumer_ids": [],
            "resource_count": 0,
            "source_name": "",
            "source_url": "",
            "speculative_enabled": true,
            "ssh_key_id": "",
            "structured_run_output_enabled": true,
            "tag_names": [
              "logging",
              "observability",
              "shared"
            ],
            "tags": {},
            "terraform_version": "1.6.6",
            "trigger_patterns": [],
            "trigger_prefixes": [],
            "vcs_repo": [],
            "working_directory": "workspaces/shared-logging"
          },
          "sensitive_attributes": [],
          "identity_schema_version": 0,
          "private": "eyJzY2hlbWFfdmVyc2lvbiI6IjEifQ==",
          "dependencies": [
            "tfe_project.projects"
          ]
        },
        {
          "index_key": "shared-network",
          "schema_version": 1,
          "attributes": {
            "agent_pool_id": "",
            "allow_destroy_plan": true,
            "assessments_enabled": false,
            "auto_apply": false,
            "auto_apply_run_trigger": false,
            "auto_destroy_activity_duration": "",
            "auto_destroy_at": "",
            "description": "Core networking baseline and shared subnets",
            "effective_tags": {},
            "execution_mode": "remote",
            "file_triggers_enabled": true,
            "force_delete": false,
            "global_remote_state": false,
            "html_url": "https://app.terraform.io/app/hashicorp-design-test-org/workspaces/hcp-design-shared-network",
            "hyok_enabled": false,
            "id": "ws-3j68dMN7A5rSxSgV",
            "ignore_additional_tag_names": null,
            "ignore_additional_tags": null,
            "inherits_project_auto_destroy": true,
            "name": "hcp-design-shared-network",
            "operations": true,
            "organization": "hashicorp-design-test-org",
            "project_id": "prj-u3Q4U5SoFHpVPZCG",
            "queue_all_runs": true,
            "remote_state_consumer_ids": [],
            "resource_count": 0,
            "source_name": "",
            "source_url": "",
            "speculative_enabled": true,
            "ssh_key_id": "",
            "structured_run_output_enabled": true,
            "tag_names": [
              "foundation",
              "network",
              "shared"
            ],
            "tags": {},
            "terraform_version": "1.6.6",
            "trigger_patterns": [],
            "trigger_prefixes": [],
            "vcs_repo": [],
            "working_directory": "workspaces/shared-network"
          },
          "sensitive_attributes": [],
          "identity_schema_version": 0,
          "private": "eyJzY2hlbWFfdmVyc2lvbiI6IjEifQ==",
          "dependencies": [
            "tfe_project.projects"
          ]
        }
      ]
    },
    {
      "mode": "managed",
      "type": "tfe_workspace_variable_set",
      "name": "global_bindings",
      "provider": "provider[\"registry.terraform.io/hashicorp/tfe\"]",
      "instances": [
        {
          "index_key": "app-billing",
          "schema_version": 0,
          "attributes": {
            "id": "ws-N8fwq8dygTNbGxeK_varset-fGDJpTcpTWCou9KY",
            "variable_set_id": "varset-fGDJpTcpTWCou9KY",
            "workspace_id": "ws-N8fwq8dygTNbGxeK"
          },
          "sensitive_attributes": [],
          "identity_schema_version": 0,
          "private": "bnVsbA==",
          "dependencies": [
            "tfe_project.projects",
            "tfe_variable_set.global",
            "tfe_workspace.workspaces"
          ]
        },
        {
          "index_key": "app-checkout",
          "schema_version": 0,
          "attributes": {
            "id": "ws-XQz9HmFiL1BLouAK_varset-fGDJpTcpTWCou9KY",
            "variable_set_id": "varset-fGDJpTcpTWCou9KY",
            "workspace_id": "ws-XQz9HmFiL1BLouAK"
          },
          "sensitive_attributes": [],
          "identity_schema_version": 0,
          "private": "bnVsbA==",
          "dependencies": [
            "tfe_project.projects",
            "tfe_variable_set.global",
            "tfe_workspace.workspaces"
          ]
        },
        {
          "index_key": "data-analytics",
          "schema_version": 0,
          "attributes": {
            "id": "ws-cthvtQdZmi2Fin11_varset-fGDJpTcpTWCou9KY",
            "variable_set_id": "varset-fGDJpTcpTWCou9KY",
            "workspace_id": "ws-cthvtQdZmi2Fin11"
          },
          "sensitive_attributes": [],
          "identity_schema_version": 0,
          "private": "bnVsbA==",
          "dependencies": [
            "tfe_project.projects",
            "tfe_variable_set.global",
            "tfe_workspace.workspaces"
          ]
        },
        {
          "index_key": "security-baseline",
          "schema_version": 0,
          "attributes": {
            "id": "ws-zWfS9tdRzp9gcJRX_varset-fGDJpTcpTWCou9KY",
            "variable_set_id": "varset-fGDJpTcpTWCou9KY",
            "workspace_id": "ws-zWfS9tdRzp9gcJRX"
          },
          "sensitive_attributes": [],
          "identity_schema_version": 0,
          "private": "bnVsbA==",
          "dependencies": [
            "tfe_project.projects",
            "tfe_variable_set.global",
            "tfe_workspace.workspaces"
          ]
        },
        {
          "index_key": "shared-identity",
          "schema_version": 0,
          "attributes": {
            "id": "ws-CmHqG4BK7PL5vTTu_varset-fGDJpTcpTWCou9KY",
            "variable_set_id": "varset-fGDJpTcpTWCou9KY",
            "workspace_id": "ws-CmHqG4BK7PL5vTTu"
          },
          "sensitive_attributes": [],
          "identity_schema_version": 0,
          "private": "bnVsbA==",
          "dependencies": [
            "tfe_project.projects",
            "tfe_variable_set.global",
            "tfe_workspace.workspaces"
          ]
        },
        {
          "index_key": "shared-logging",
          "schema_version": 0,
          "attributes": {
            "id": "ws-wP9hNRTm3UipcTAS_varset-fGDJpTcpTWCou9KY",
            "variable_set_id": "varset-fGDJpTcpTWCou9KY",
            "workspace_id": "ws-wP9hNRTm3UipcTAS"
          },
          "sensitive_attributes": [],
          "identity_schema_version": 0,
          "private": "bnVsbA==",
          "dependencies": [
            "tfe_project.projects",
            "tfe_variable_set.global",
            "tfe_workspace.workspaces"
          ]
        },
        {
          "index_key": "shared-network",
          "schema_version": 0,
          "attributes": {
            "id": "ws-3j68dMN7A5rSxSgV_varset-fGDJpTcpTWCou9KY",
            "variable_set_id": "varset-fGDJpTcpTWCou9KY",
            "workspace_id": "ws-3j68dMN7A5rSxSgV"
          },
          "sensitive_attributes": [],
          "identity_schema_version": 0,
          "private": "bnVsbA==",
          "dependencies": [
            "tfe_project.projects",
            "tfe_variable_set.global",
            "tfe_workspace.workspaces"
          ]
        }
      ]
    }
  ],
  "check_results": null
}
